
Microsoft Visual Studio Solution File, Format Version 12.00
# Visual Studio 15
VisualStudioVersion = 15.0.27428.2005
MinimumVisualStudioVersion = 10.0.40219.1
Project("{FAE04EC0-301F-11D3-BF4B-00C04F79EFBC}") = "KonayukiInfo", "KonayukiInfo\KonayukiInfo.csproj", "{007701FC-0CD7-4CE4-BF5E-0F8F5A746F7B}"
EndProject
Global
	GlobalSection(SolutionConfigurationPlatforms) = preSolution
		Debug|Any CPU = Debug|Any CPU
		Debug|x86 = Debug|x86
		Release|Any CPU = Release|Any CPU
		Release|x86 = Release|x86
	EndGlobalSection
	GlobalSection(ProjectConfigurationPlatforms) = postSolution
		{007701FC-0CD7-4CE4-BF5E-0F8F5A746F7B}.Debug|Any CPU.ActiveCfg = Debug|Any CPU
		{007701FC-0CD7-4CE4-BF5E-0F8F5A746F7B}.Debug|Any CPU.Build.0 = Debug|Any CPU
		{007701FC-0CD7-4CE4-BF5E-0F8F5A746F7B}.Debug|x86.ActiveCfg = Debug|x86
		{007701FC-0CD7-4CE4-BF5E-0F8F5A746F7B}.Debug|x86.Build.0 = Debug|x86
		{007701FC-0CD7-4CE4-BF5E-0F8F5A746F7B}.Release|Any CPU.ActiveCfg = Release|Any CPU
		{007701FC-0CD7-4CE4-BF5E-0F8F5A746F7B}.Release|Any CPU.Build.0 = Release|Any CPU
		{007701FC-0CD7-4CE4-BF5E-0F8F5A746F7B}.Release|x86.ActiveCfg = Release|x86
		{007701FC-0CD7-4CE4-BF5E-0F8F5A746F7B}.Release|x86.Build.0 = Release|x86
	EndGlobalSection
	GlobalSection(SolutionProperties) = preSolution
		HideSolutionNode = FALSE
	EndGlobalSection
	GlobalSection(ExtensibilityGlobals) = postSolution
		SolutionGuid = {0E952BC4-C801-431C-8545-BAF57429DA3B}
	EndGlobalSection
EndGlobal
